
Microsoft Visual Studio Solution File, Format Version 12.00
# Visual Studio Version 17
VisualStudioVersion = 17.14.36203.30 d17.14
MinimumVisualStudioVersion = 10.0.40219.1
Project("{FAE04EC0-301F-11D3-BF4B-00C04F79EFBC}") = "FactoryMethodPatternExample", "FactoryMethodPatternExample\FactoryMethodPatternExample.csproj", "{0A9BB529-13EC-4D99-B64C-EBDD2FAE322E}"
EndProject
Global
	GlobalSection(SolutionConfigurationPlatforms) = preSolution
		Debug|Any CPU = Debug|Any CPU
		Release|Any CPU = Release|Any CPU
	EndGlobalSection
	GlobalSection(ProjectConfigurationPlatforms) = postSolution
		{0A9BB529-13EC-4D99-B64C-EBDD2FAE322E}.Debug|Any CPU.ActiveCfg = Debug|Any CPU
		{0A9BB529-13EC-4D99-B64C-EBDD2FAE322E}.Debug|Any CPU.Build.0 = Debug|Any CPU
		{0A9BB529-13EC-4D99-B64C-EBDD2FAE322E}.Release|Any CPU.ActiveCfg = Release|Any CPU
		{0A9BB529-13EC-4D99-B64C-EBDD2FAE322E}.Release|Any CPU.Build.0 = Release|Any CPU
	EndGlobalSection
	GlobalSection(SolutionProperties) = preSolution
		HideSolutionNode = FALSE
	EndGlobalSection
	GlobalSection(ExtensibilityGlobals) = postSolution
		SolutionGuid = {BB125C43-2CB6-4179-A86A-A143C1C193BA}
	EndGlobalSection
EndGlobal
