
Microsoft Visual Studio Solution File, Format Version 12.00
# Visual Studio Version 17
VisualStudioVersion = 17.14.36203.30 d17.14
MinimumVisualStudioVersion = 10.0.40219.1
Project("{FAE04EC0-301F-11D3-BF4B-00C04F79EFBC}") = "ECommerceSearchFunction", "ECommerceSearchFunction\ECommerceSearchFunction.csproj", "{F9CF3EAA-0B15-427B-8638-48A39B4E45A3}"
EndProject
Global
	GlobalSection(SolutionConfigurationPlatforms) = preSolution
		Debug|Any CPU = Debug|Any CPU
		Release|Any CPU = Release|Any CPU
	EndGlobalSection
	GlobalSection(ProjectConfigurationPlatforms) = postSolution
		{F9CF3EAA-0B15-427B-8638-48A39B4E45A3}.Debug|Any CPU.ActiveCfg = Debug|Any CPU
		{F9CF3EAA-0B15-427B-8638-48A39B4E45A3}.Debug|Any CPU.Build.0 = Debug|Any CPU
		{F9CF3EAA-0B15-427B-8638-48A39B4E45A3}.Release|Any CPU.ActiveCfg = Release|Any CPU
		{F9CF3EAA-0B15-427B-8638-48A39B4E45A3}.Release|Any CPU.Build.0 = Release|Any CPU
	EndGlobalSection
	GlobalSection(SolutionProperties) = preSolution
		HideSolutionNode = FALSE
	EndGlobalSection
	GlobalSection(ExtensibilityGlobals) = postSolution
		SolutionGuid = {284CE1CD-EC48-4649-81CF-E62AF524393B}
	EndGlobalSection
EndGlobal
